
Microsoft Visual Studio Solution File, Format Version 12.00
# Visual Studio Version 17
VisualStudioVersion = 17.0.32014.148
MinimumVisualStudioVersion = 10.0.40219.1
Project("{9A19103F-16F7-4668-BE54-9A1E7A4F7556}") = "Turbulence.CLI", "Turbulence.CLI\Turbulence.CLI.csproj", "{DA085BF7-18C0-4FEF-AB89-75E7E3F503FD}"
EndProject
Project("{9A19103F-16F7-4668-BE54-9A1E7A4F7556}") = "Turbulence.ModelGenerator", "Turbulence.ModelGenerator\Turbulence.ModelGenerator.csproj", "{615DD5FC-B1EE-4132-BA29-02EE988C59BB}"
EndProject
Project("{9A19103F-16F7-4668-BE54-9A1E7A4F7556}") = "Turbulence.Discord", "Turbulence.Discord\Turbulence.Discord.csproj", "{03A741E6-770F-4013-A26D-1CC2FB7BF9CC}"
EndProject
Project("{FAE04EC0-301F-11D3-BF4B-00C04F79EFBC}") = "Turbulence.TGUI", "Turbulence.TGUI\Turbulence.TGUI.csproj", "{5C9C116F-CC5F-4FCD-BE4C-BC5DCA992B87}"
EndProject
Project("{FAE04EC0-301F-11D3-BF4B-00C04F79EFBC}") = "Turbulence.Core", "Turbulence.Core\Turbulence.Core.csproj", "{E4F0AD5F-74AF-40DE-9D40-A63E602C2636}"
EndProject
Global
	GlobalSection(SolutionConfigurationPlatforms) = preSolution
		Debug|Any CPU = Debug|Any CPU
		Release|Any CPU = Release|Any CPU
	EndGlobalSection
	GlobalSection(ProjectConfigurationPlatforms) = postSolution
		{DA085BF7-18C0-4FEF-AB89-75E7E3F503FD}.Debug|Any CPU.ActiveCfg = Debug|Any CPU
		{DA085BF7-18C0-4FEF-AB89-75E7E3F503FD}.Debug|Any CPU.Build.0 = Debug|Any CPU
		{DA085BF7-18C0-4FEF-AB89-75E7E3F503FD}.Release|Any CPU.ActiveCfg = Release|Any CPU
		{DA085BF7-18C0-4FEF-AB89-75E7E3F503FD}.Release|Any CPU.Build.0 = Release|Any CPU
		{615DD5FC-B1EE-4132-BA29-02EE988C59BB}.Debug|Any CPU.ActiveCfg = Debug|Any CPU
		{615DD5FC-B1EE-4132-BA29-02EE988C59BB}.Debug|Any CPU.Build.0 = Debug|Any CPU
		{615DD5FC-B1EE-4132-BA29-02EE988C59BB}.Release|Any CPU.ActiveCfg = Release|Any CPU
		{615DD5FC-B1EE-4132-BA29-02EE988C59BB}.Release|Any CPU.Build.0 = Release|Any CPU
		{03A741E6-770F-4013-A26D-1CC2FB7BF9CC}.Debug|Any CPU.ActiveCfg = Debug|Any CPU
		{03A741E6-770F-4013-A26D-1CC2FB7BF9CC}.Debug|Any CPU.Build.0 = Debug|Any CPU
		{03A741E6-770F-4013-A26D-1CC2FB7BF9CC}.Release|Any CPU.ActiveCfg = Release|Any CPU
		{03A741E6-770F-4013-A26D-1CC2FB7BF9CC}.Release|Any CPU.Build.0 = Release|Any CPU
		{5C9C116F-CC5F-4FCD-BE4C-BC5DCA992B87}.Debug|Any CPU.ActiveCfg = Debug|Any CPU
		{5C9C116F-CC5F-4FCD-BE4C-BC5DCA992B87}.Debug|Any CPU.Build.0 = Debug|Any CPU
		{5C9C116F-CC5F-4FCD-BE4C-BC5DCA992B87}.Release|Any CPU.ActiveCfg = Release|Any CPU
		{5C9C116F-CC5F-4FCD-BE4C-BC5DCA992B87}.Release|Any CPU.Build.0 = Release|Any CPU
		{E4F0AD5F-74AF-40DE-9D40-A63E602C2636}.Debug|Any CPU.ActiveCfg = Debug|Any CPU
		{E4F0AD5F-74AF-40DE-9D40-A63E602C2636}.Debug|Any CPU.Build.0 = Debug|Any CPU
		{E4F0AD5F-74AF-40DE-9D40-A63E602C2636}.Release|Any CPU.ActiveCfg = Release|Any CPU
		{E4F0AD5F-74AF-40DE-9D40-A63E602C2636}.Release|Any CPU.Build.0 = Release|Any CPU
	EndGlobalSection
	GlobalSection(SolutionProperties) = preSolution
		HideSolutionNode = FALSE
	EndGlobalSection
	GlobalSection(ExtensibilityGlobals) = postSolution
		SolutionGuid = {80B3CED7-2126-4425-A0E4-833CCC5F9649}
	EndGlobalSection
EndGlobal
